
Microsoft Visual Studio Solution File, Format Version 12.00
# Visual Studio Version 17
VisualStudioVersion = 17.13.35931.197 d17.13
MinimumVisualStudioVersion = 10.0.40219.1
Project("{FAE04EC0-301F-11D3-BF4B-00C04F79EFBC}") = "MurderMystery", "MurderMystery\MurderMystery.csproj", "{0D4F8956-D021-46CC-B4F9-4BC6A38AC729}"
EndProject
Project("{FAE04EC0-301F-11D3-BF4B-00C04F79EFBC}") = "DialogueEditor", "DialogueEditor\DialogueEditor.csproj", "{1DC25B22-49AE-4B95-824F-9EAFA4DF0E20}"
EndProject
Global
	GlobalSection(SolutionConfigurationPlatforms) = preSolution
		Debug|Any CPU = Debug|Any CPU
		Release|Any CPU = Release|Any CPU
	EndGlobalSection
	GlobalSection(ProjectConfigurationPlatforms) = postSolution
		{0D4F8956-D021-46CC-B4F9-4BC6A38AC729}.Debug|Any CPU.ActiveCfg = Debug|Any CPU
		{0D4F8956-D021-46CC-B4F9-4BC6A38AC729}.Debug|Any CPU.Build.0 = Debug|Any CPU
		{0D4F8956-D021-46CC-B4F9-4BC6A38AC729}.Release|Any CPU.ActiveCfg = Release|Any CPU
		{0D4F8956-D021-46CC-B4F9-4BC6A38AC729}.Release|Any CPU.Build.0 = Release|Any CPU
		{1DC25B22-49AE-4B95-824F-9EAFA4DF0E20}.Debug|Any CPU.ActiveCfg = Debug|Any CPU
		{1DC25B22-49AE-4B95-824F-9EAFA4DF0E20}.Debug|Any CPU.Build.0 = Debug|Any CPU
		{1DC25B22-49AE-4B95-824F-9EAFA4DF0E20}.Release|Any CPU.ActiveCfg = Release|Any CPU
		{1DC25B22-49AE-4B95-824F-9EAFA4DF0E20}.Release|Any CPU.Build.0 = Release|Any CPU
	EndGlobalSection
	GlobalSection(SolutionProperties) = preSolution
		HideSolutionNode = FALSE
	EndGlobalSection
	GlobalSection(ExtensibilityGlobals) = postSolution
		SolutionGuid = {D0588FC0-368D-4217-98C1-38F80F1912E4}
	EndGlobalSection
EndGlobal
